// !$*UTF8*$!
{
	archiveVersion = 1;
	classes = {
	};
	objectVersion = 50;
	objects = {

/* Begin PBXBuildFile section */
		2A0B96D523349F2A0025A2F5 /* LineBoroughList.swift in Sources */ = {isa = PBXBuildFile; fileRef = 2A0B96D123349F2A0025A2F5 /* LineBoroughList.swift */; };
		2A0B96D623349F2A0025A2F5 /* SlowZoneList.swift in Sources */ = {isa = PBXBuildFile; fileRef = 2A0B96D223349F2A0025A2F5 /* SlowZoneList.swift */; };
		2A0B96D723349F2A0025A2F5 /* RouteList.swift in Sources */ = {isa = PBXBuildFile; fileRef = 2A0B96D323349F2A0025A2F5 /* RouteList.swift */; };
		2A0B96D823349F2A0025A2F5 /* FavoriteList.swift in Sources */ = {isa = PBXBuildFile; fileRef = 2A0B96D423349F2A0025A2F5 /* FavoriteList.swift */; };
		2A0B96DA23349F570025A2F5 /* RouteDetailRouteMap.swift in Sources */ = {isa = PBXBuildFile; fileRef = 2A0B96D923349F570025A2F5 /* RouteDetailRouteMap.swift */; };
		2A0B96E123349F740025A2F5 /* RouteRow.swift in Sources */ = {isa = PBXBuildFile; fileRef = 2A0B96DB23349F730025A2F5 /* RouteRow.swift */; };
		2A0B96E223349F740025A2F5 /* LineDetail.swift in Sources */ = {isa = PBXBuildFile; fileRef = 2A0B96DC23349F730025A2F5 /* LineDetail.swift */; };
		2A0B96E323349F740025A2F5 /* LineList.swift in Sources */ = {isa = PBXBuildFile; fileRef = 2A0B96DD23349F730025A2F5 /* LineList.swift */; };
		2A0B96E423349F740025A2F5 /* RouteDirectionTable.swift in Sources */ = {isa = PBXBuildFile; fileRef = 2A0B96DE23349F740025A2F5 /* RouteDirectionTable.swift */; };
		2A0B96E523349F740025A2F5 /* RouteDetail.swift in Sources */ = {isa = PBXBuildFile; fileRef = 2A0B96DF23349F740025A2F5 /* RouteDetail.swift */; };
		2A0B96E623349F740025A2F5 /* LineRow.swift in Sources */ = {isa = PBXBuildFile; fileRef = 2A0B96E023349F740025A2F5 /* LineRow.swift */; };
		2A0B96E823349FA30025A2F5 /* Extensions.swift in Sources */ = {isa = PBXBuildFile; fileRef = 2A0B96E723349FA30025A2F5 /* Extensions.swift */; };
		2A0B96EB2334A0420025A2F5 /* TestData.swift in Sources */ = {isa = PBXBuildFile; fileRef = 2A0B96E92334A0420025A2F5 /* TestData.swift */; };
		2A0B96EC2334A0420025A2F5 /* stats.json in Resources */ = {isa = PBXBuildFile; fileRef = 2A0B96EA2334A0420025A2F5 /* stats.json */; };
		2A0B96F02334A08F0025A2F5 /* ContentView.swift in Sources */ = {isa = PBXBuildFile; fileRef = 2A0B96EF2334A08F0025A2F5 /* ContentView.swift */; };
		2A0B96F42334A0DF0025A2F5 /* RoutesInfoViewModel.swift in Sources */ = {isa = PBXBuildFile; fileRef = 2A0B96F12334A0DF0025A2F5 /* RoutesInfoViewModel.swift */; };
		2A0B96F52334A0DF0025A2F5 /* RouteDetailRouteMapViewModel.swift in Sources */ = {isa = PBXBuildFile; fileRef = 2A0B96F22334A0DF0025A2F5 /* RouteDetailRouteMapViewModel.swift */; };
		2A0B96F62334A0DF0025A2F5 /* RouteStatsViewModel.swift in Sources */ = {isa = PBXBuildFile; fileRef = 2A0B96F32334A0DF0025A2F5 /* RouteStatsViewModel.swift */; };
		2A443787235289F700D5074C /* StatusBar.swift in Sources */ = {isa = PBXBuildFile; fileRef = 2A443786235289F700D5074C /* StatusBar.swift */; };
		2A44378923528CF400D5074C /* RouteHList.swift in Sources */ = {isa = PBXBuildFile; fileRef = 2A44378823528CF400D5074C /* RouteHList.swift */; };
		2A7358AD22E536D400A15318 /* AppDelegate.swift in Sources */ = {isa = PBXBuildFile; fileRef = 2A7358AC22E536D400A15318 /* AppDelegate.swift */; };
		2A7358AF22E536D400A15318 /* SceneDelegate.swift in Sources */ = {isa = PBXBuildFile; fileRef = 2A7358AE22E536D400A15318 /* SceneDelegate.swift */; };
		2A7358B322E536D500A15318 /* Assets.xcassets in Resources */ = {isa = PBXBuildFile; fileRef = 2A7358B222E536D500A15318 /* Assets.xcassets */; };
		2A7358B622E536D500A15318 /* Preview Assets.xcassets in Resources */ = {isa = PBXBuildFile; fileRef = 2A7358B522E536D500A15318 /* Preview Assets.xcassets */; };
		2A7358B922E536D500A15318 /* LaunchScreen.storyboard in Resources */ = {isa = PBXBuildFile; fileRef = 2A7358B722E536D500A15318 /* LaunchScreen.storyboard */; };
		2A7358CF22E53A6600A15318 /* info.json in Resources */ = {isa = PBXBuildFile; fileRef = 2A7358C822E53A6600A15318 /* info.json */; };
		2A93BBBF2339EC9B00814529 /* RouteMapsResponse.swift in Sources */ = {isa = PBXBuildFile; fileRef = 2A93BBBE2339EC9B00814529 /* RouteMapsResponse.swift */; };
		2A93BBC1233A719000814529 /* StatusResponse.swift in Sources */ = {isa = PBXBuildFile; fileRef = 2A93BBC0233A719000814529 /* StatusResponse.swift */; };
		2A93BBC3233A73C400814529 /* GoodServiceFetcher.swift in Sources */ = {isa = PBXBuildFile; fileRef = 2A93BBC2233A73C400814529 /* GoodServiceFetcher.swift */; };
		2A93BBC5233A750900814529 /* GoodServiceError.swift in Sources */ = {isa = PBXBuildFile; fileRef = 2A93BBC4233A750900814529 /* GoodServiceError.swift */; };
		2A93BBCD233DB17600814529 /* RouteRowViewModel.swift in Sources */ = {isa = PBXBuildFile; fileRef = 2A93BBCC233DB17600814529 /* RouteRowViewModel.swift */; };
		2A93BBCF233DB2B300814529 /* LineRowViewModel.swift in Sources */ = {isa = PBXBuildFile; fileRef = 2A93BBCE233DB2B300814529 /* LineRowViewModel.swift */; };
		2A93BBF12340240E00814529 /* RouteDirectionRowViewModel.swift in Sources */ = {isa = PBXBuildFile; fileRef = 2A93BBF02340240E00814529 /* RouteDirectionRowViewModel.swift */; };
		2A93BBF5234026DC00814529 /* RouteDirectionRow.swift in Sources */ = {isa = PBXBuildFile; fileRef = 2A93BBF4234026DC00814529 /* RouteDirectionRow.swift */; };
		2A93BBF72343A38800814529 /* LineBoroughViewModel.swift in Sources */ = {isa = PBXBuildFile; fileRef = 2A93BBF62343A38800814529 /* LineBoroughViewModel.swift */; };
		2A93BBF923443E2A00814529 /* LineRouteRowViewModel.swift in Sources */ = {isa = PBXBuildFile; fileRef = 2A93BBF823443E2A00814529 /* LineRouteRowViewModel.swift */; };
		2AC3DDFF22FC66AC00951011 /* route-map.json in Resources */ = {isa = PBXBuildFile; fileRef = 2AC3DDFE22FC66AC00951011 /* route-map.json */; };
		2AE1B7A8233880EF00BFD9A8 /* Parsing.swift in Sources */ = {isa = PBXBuildFile; fileRef = 2AE1B7A7233880EF00BFD9A8 /* Parsing.swift */; };
		2AE1B7B0233921BC00BFD9A8 /* InfoResponse.swift in Sources */ = {isa = PBXBuildFile; fileRef = 2AE1B7AF233921BC00BFD9A8 /* InfoResponse.swift */; };
/* End PBXBuildFile section */

/* Begin PBXFileReference section */
		2A0B96D123349F2A0025A2F5 /* LineBoroughList.swift */ = {isa = PBXFileReference; fileEncoding = 4; lastKnownFileType = sourcecode.swift; path = LineBoroughList.swift; sourceTree = "<group>"; };
		2A0B96D223349F2A0025A2F5 /* SlowZoneList.swift */ = {isa = PBXFileReference; fileEncoding = 4; lastKnownFileType = sourcecode.swift; path = SlowZoneList.swift; sourceTree = "<group>"; };
		2A0B96D323349F2A0025A2F5 /* RouteList.swift */ = {isa = PBXFileReference; fileEncoding = 4; lastKnownFileType = sourcecode.swift; path = RouteList.swift; sourceTree = "<group>"; };
		2A0B96D423349F2A0025A2F5 /* FavoriteList.swift */ = {isa = PBXFileReference; fileEncoding = 4; lastKnownFileType = sourcecode.swift; path = FavoriteList.swift; sourceTree = "<group>"; };
		2A0B96D923349F570025A2F5 /* RouteDetailRouteMap.swift */ = {isa = PBXFileReference; fileEncoding = 4; lastKnownFileType = sourcecode.swift; path = RouteDetailRouteMap.swift; sourceTree = "<group>"; };
		2A0B96DB23349F730025A2F5 /* RouteRow.swift */ = {isa = PBXFileReference; fileEncoding = 4; lastKnownFileType = sourcecode.swift; path = RouteRow.swift; sourceTree = "<group>"; };
		2A0B96DC23349F730025A2F5 /* LineDetail.swift */ = {isa = PBXFileReference; fileEncoding = 4; lastKnownFileType = sourcecode.swift; path = LineDetail.swift; sourceTree = "<group>"; };
		2A0B96DD23349F730025A2F5 /* LineList.swift */ = {isa = PBXFileReference; fileEncoding = 4; lastKnownFileType = sourcecode.swift; path = LineList.swift; sourceTree = "<group>"; };
		2A0B96DE23349F740025A2F5 /* RouteDirectionTable.swift */ = {isa = PBXFileReference; fileEncoding = 4; lastKnownFileType = sourcecode.swift; path = RouteDirectionTable.swift; sourceTree = "<group>"; };
		2A0B96DF23349F740025A2F5 /* RouteDetail.swift */ = {isa = PBXFileReference; fileEncoding = 4; lastKnownFileType = sourcecode.swift; path = RouteDetail.swift; sourceTree = "<group>"; };
		2A0B96E023349F740025A2F5 /* LineRow.swift */ = {isa = PBXFileReference; fileEncoding = 4; lastKnownFileType = sourcecode.swift; path = LineRow.swift; sourceTree = "<group>"; };
		2A0B96E723349FA30025A2F5 /* Extensions.swift */ = {isa = PBXFileReference; fileEncoding = 4; lastKnownFileType = sourcecode.swift; path = Extensions.swift; sourceTree = "<group>"; };
		2A0B96E92334A0420025A2F5 /* TestData.swift */ = {isa = PBXFileReference; fileEncoding = 4; lastKnownFileType = sourcecode.swift; path = TestData.swift; sourceTree = "<group>"; };
		2A0B96EA2334A0420025A2F5 /* stats.json */ = {isa = PBXFileReference; fileEncoding = 4; lastKnownFileType = text.json; path = stats.json; sourceTree = "<group>"; };
		2A0B96EF2334A08F0025A2F5 /* ContentView.swift */ = {isa = PBXFileReference; fileEncoding = 4; lastKnownFileType = sourcecode.swift; path = ContentView.swift; sourceTree = "<group>"; };
		2A0B96F12334A0DF0025A2F5 /* RoutesInfoViewModel.swift */ = {isa = PBXFileReference; fileEncoding = 4; lastKnownFileType = sourcecode.swift; path = RoutesInfoViewModel.swift; sourceTree = "<group>"; };
		2A0B96F22334A0DF0025A2F5 /* RouteDetailRouteMapViewModel.swift */ = {isa = PBXFileReference; fileEncoding = 4; lastKnownFileType = sourcecode.swift; path = RouteDetailRouteMapViewModel.swift; sourceTree = "<group>"; };
		2A0B96F32334A0DF0025A2F5 /* RouteStatsViewModel.swift */ = {isa = PBXFileReference; fileEncoding = 4; lastKnownFileType = sourcecode.swift; path = RouteStatsViewModel.swift; sourceTree = "<group>"; };
		2A443786235289F700D5074C /* StatusBar.swift */ = {isa = PBXFileReference; lastKnownFileType = sourcecode.swift; path = StatusBar.swift; sourceTree = "<group>"; };
		2A44378823528CF400D5074C /* RouteHList.swift */ = {isa = PBXFileReference; lastKnownFileType = sourcecode.swift; path = RouteHList.swift; sourceTree = "<group>"; };
		2A7358A922E536D400A15318 /* GoodService.app */ = {isa = PBXFileReference; explicitFileType = wrapper.application; includeInIndex = 0; path = GoodService.app; sourceTree = BUILT_PRODUCTS_DIR; };
		2A7358AC22E536D400A15318 /* AppDelegate.swift */ = {isa = PBXFileReference; lastKnownFileType = sourcecode.swift; path = AppDelegate.swift; sourceTree = "<group>"; };
		2A7358AE22E536D400A15318 /* SceneDelegate.swift */ = {isa = PBXFileReference; lastKnownFileType = sourcecode.swift; path = SceneDelegate.swift; sourceTree = "<group>"; };
		2A7358B222E536D500A15318 /* Assets.xcassets */ = {isa = PBXFileReference; lastKnownFileType = folder.assetcatalog; path = Assets.xcassets; sourceTree = "<group>"; };
		2A7358B522E536D500A15318 /* Preview Assets.xcassets */ = {isa = PBXFileReference; lastKnownFileType = folder.assetcatalog; path = "Preview Assets.xcassets"; sourceTree = "<group>"; };
		2A7358B822E536D500A15318 /* Base */ = {isa = PBXFileReference; lastKnownFileType = file.storyboard; name = Base; path = Base.lproj/LaunchScreen.storyboard; sourceTree = "<group>"; };
		2A7358BA22E536D500A15318 /* Info.plist */ = {isa = PBXFileReference; lastKnownFileType = text.plist.xml; path = Info.plist; sourceTree = "<group>"; };
		2A7358C822E53A6600A15318 /* info.json */ = {isa = PBXFileReference; fileEncoding = 4; lastKnownFileType = text.json; path = info.json; sourceTree = "<group>"; };
		2A93BBBE2339EC9B00814529 /* RouteMapsResponse.swift */ = {isa = PBXFileReference; lastKnownFileType = sourcecode.swift; path = RouteMapsResponse.swift; sourceTree = "<group>"; };
		2A93BBC0233A719000814529 /* StatusResponse.swift */ = {isa = PBXFileReference; lastKnownFileType = sourcecode.swift; path = StatusResponse.swift; sourceTree = "<group>"; };
		2A93BBC2233A73C400814529 /* GoodServiceFetcher.swift */ = {isa = PBXFileReference; lastKnownFileType = sourcecode.swift; path = GoodServiceFetcher.swift; sourceTree = "<group>"; };
		2A93BBC4233A750900814529 /* GoodServiceError.swift */ = {isa = PBXFileReference; lastKnownFileType = sourcecode.swift; path = GoodServiceError.swift; sourceTree = "<group>"; };
		2A93BBCC233DB17600814529 /* RouteRowViewModel.swift */ = {isa = PBXFileReference; lastKnownFileType = sourcecode.swift; path = RouteRowViewModel.swift; sourceTree = "<group>"; };
		2A93BBCE233DB2B300814529 /* LineRowViewModel.swift */ = {isa = PBXFileReference; lastKnownFileType = sourcecode.swift; path = LineRowViewModel.swift; sourceTree = "<group>"; };
		2A93BBF02340240E00814529 /* RouteDirectionRowViewModel.swift */ = {isa = PBXFileReference; lastKnownFileType = sourcecode.swift; path = RouteDirectionRowViewModel.swift; sourceTree = "<group>"; };
		2A93BBF4234026DC00814529 /* RouteDirectionRow.swift */ = {isa = PBXFileReference; lastKnownFileType = sourcecode.swift; path = RouteDirectionRow.swift; sourceTree = "<group>"; };
		2A93BBF62343A38800814529 /* LineBoroughViewModel.swift */ = {isa = PBXFileReference; lastKnownFileType = sourcecode.swift; path = LineBoroughViewModel.swift; sourceTree = "<group>"; };
		2A93BBF823443E2A00814529 /* LineRouteRowViewModel.swift */ = {isa = PBXFileReference; lastKnownFileType = sourcecode.swift; path = LineRouteRowViewModel.swift; sourceTree = "<group>"; };
		2AC3DDFE22FC66AC00951011 /* route-map.json */ = {isa = PBXFileReference; lastKnownFileType = text.json; path = "route-map.json"; sourceTree = "<group>"; };
		2AE1B7A7233880EF00BFD9A8 /* Parsing.swift */ = {isa = PBXFileReference; lastKnownFileType = sourcecode.swift; path = Parsing.swift; sourceTree = "<group>"; };
		2AE1B7AF233921BC00BFD9A8 /* InfoResponse.swift */ = {isa = PBXFileReference; lastKnownFileType = sourcecode.swift; path = InfoResponse.swift; sourceTree = "<group>"; };
/* End PBXFileReference section */

/* Begin PBXFrameworksBuildPhase section */
		2A7358A622E536D400A15318 /* Frameworks */ = {
			isa = PBXFrameworksBuildPhase;
			buildActionMask = 2147483647;
			files = (
			);
			runOnlyForDeploymentPostprocessing = 0;
		};
/* End PBXFrameworksBuildPhase section */

/* Begin PBXGroup section */
		2A443785235289C600D5074C /* Components */ = {
			isa = PBXGroup;
			children = (
				2A443786235289F700D5074C /* StatusBar.swift */,
				2A44378823528CF400D5074C /* RouteHList.swift */,
			);
			path = Components;
			sourceTree = "<group>";
		};
		2A7358A022E536D400A15318 = {
			isa = PBXGroup;
			children = (
				2A7358AB22E536D400A15318 /* GoodService */,
				2A7358AA22E536D400A15318 /* Products */,
			);
			sourceTree = "<group>";
		};
		2A7358AA22E536D400A15318 /* Products */ = {
			isa = PBXGroup;
			children = (
				2A7358A922E536D400A15318 /* GoodService.app */,
			);
			name = Products;
			sourceTree = "<group>";
		};
		2A7358AB22E536D400A15318 /* GoodService */ = {
			isa = PBXGroup;
			children = (
				2A76E463232EFE8100E34C71 /* Tabs */,
				2A443785235289C600D5074C /* Components */,
				2A7358AC22E536D400A15318 /* AppDelegate.swift */,
				2A7358AE22E536D400A15318 /* SceneDelegate.swift */,
				2A0B96EF2334A08F0025A2F5 /* ContentView.swift */,
				2A7358C222E53A6600A15318 /* View Models */,
				2A7358C422E53A6600A15318 /* GoodServiceAPI */,
				2A7358C922E53A6600A15318 /* Utils */,
				2A7358B222E536D500A15318 /* Assets.xcassets */,
				2A7358B722E536D500A15318 /* LaunchScreen.storyboard */,
				2A7358BA22E536D500A15318 /* Info.plist */,
				2A7358C622E53A6600A15318 /* Preview Data */,
				2A7358B422E536D500A15318 /* Preview Content */,
			);
			path = GoodService;
			sourceTree = "<group>";
		};
		2A7358B422E536D500A15318 /* Preview Content */ = {
			isa = PBXGroup;
			children = (
				2A7358B522E536D500A15318 /* Preview Assets.xcassets */,
			);
			path = "Preview Content";
			sourceTree = "<group>";
		};
		2A7358C222E53A6600A15318 /* View Models */ = {
			isa = PBXGroup;
			children = (
				2A0B96F12334A0DF0025A2F5 /* RoutesInfoViewModel.swift */,
				2A0B96F32334A0DF0025A2F5 /* RouteStatsViewModel.swift */,
				2A93BBCC233DB17600814529 /* RouteRowViewModel.swift */,
				2A93BBF62343A38800814529 /* LineBoroughViewModel.swift */,
				2A93BBCE233DB2B300814529 /* LineRowViewModel.swift */,
				2A93BBF823443E2A00814529 /* LineRouteRowViewModel.swift */,
			);
			name = "View Models";
			path = "GoodService/View Models";
			sourceTree = SOURCE_ROOT;
		};
		2A7358C422E53A6600A15318 /* GoodServiceAPI */ = {
			isa = PBXGroup;
			children = (
				2AE1B7AF233921BC00BFD9A8 /* InfoResponse.swift */,
				2A93BBC0233A719000814529 /* StatusResponse.swift */,
				2A93BBBE2339EC9B00814529 /* RouteMapsResponse.swift */,
				2A93BBC2233A73C400814529 /* GoodServiceFetcher.swift */,
				2A93BBC4233A750900814529 /* GoodServiceError.swift */,
			);
			name = GoodServiceAPI;
			path = GoodService/GoodServiceAPI;
			sourceTree = SOURCE_ROOT;
		};
		2A7358C622E53A6600A15318 /* Preview Data */ = {
			isa = PBXGroup;
			children = (
				2A0B96E92334A0420025A2F5 /* TestData.swift */,
				2A7358C822E53A6600A15318 /* info.json */,
				2A0B96EA2334A0420025A2F5 /* stats.json */,
				2AC3DDFE22FC66AC00951011 /* route-map.json */,
			);
			name = "Preview Data";
			path = "GoodService/Preview Data";
			sourceTree = SOURCE_ROOT;
		};
		2A7358C922E53A6600A15318 /* Utils */ = {
			isa = PBXGroup;
			children = (
				2A0B96E723349FA30025A2F5 /* Extensions.swift */,
				2AE1B7A7233880EF00BFD9A8 /* Parsing.swift */,
			);
			name = Utils;
			path = GoodService/Utils;
			sourceTree = SOURCE_ROOT;
		};
		2A76E463232EFE8100E34C71 /* Tabs */ = {
			isa = PBXGroup;
			children = (
				2A93BBC8233DA4AA00814529 /* Trains */,
				2A93BBC9233DA4D300814529 /* Lines */,
				2A93BBCB233DA54400814529 /* Slow Zones */,
				2A93BBCA233DA52200814529 /* Favorites */,
			);
			path = Tabs;
			sourceTree = "<group>";
		};
		2A93BBC8233DA4AA00814529 /* Trains */ = {
			isa = PBXGroup;
			children = (
				2A9A00AA2309CEF0009729B3 /* Modals */,
				2A0B96D323349F2A0025A2F5 /* RouteList.swift */,
				2A0B96DB23349F730025A2F5 /* RouteRow.swift */,
				2A0B96DF23349F740025A2F5 /* RouteDetail.swift */,
				2A0B96DE23349F740025A2F5 /* RouteDirectionTable.swift */,
				2A93BBF4234026DC00814529 /* RouteDirectionRow.swift */,
			);
			path = Trains;
			sourceTree = "<group>";
		};
		2A93BBC9233DA4D300814529 /* Lines */ = {
			isa = PBXGroup;
			children = (
				2A0B96D123349F2A0025A2F5 /* LineBoroughList.swift */,
				2A0B96DD23349F730025A2F5 /* LineList.swift */,
				2A0B96E023349F740025A2F5 /* LineRow.swift */,
				2A0B96DC23349F730025A2F5 /* LineDetail.swift */,
			);
			path = Lines;
			sourceTree = "<group>";
		};
		2A93BBCA233DA52200814529 /* Favorites */ = {
			isa = PBXGroup;
			children = (
				2A0B96D423349F2A0025A2F5 /* FavoriteList.swift */,
			);
			path = Favorites;
			sourceTree = "<group>";
		};
		2A93BBCB233DA54400814529 /* Slow Zones */ = {
			isa = PBXGroup;
			children = (
				2A0B96D223349F2A0025A2F5 /* SlowZoneList.swift */,
			);
			path = "Slow Zones";
			sourceTree = "<group>";
		};
		2A9A00AA2309CEF0009729B3 /* Modals */ = {
			isa = PBXGroup;
			children = (
				2A0B96D923349F570025A2F5 /* RouteDetailRouteMap.swift */,
				2A0B96F22334A0DF0025A2F5 /* RouteDetailRouteMapViewModel.swift */,
				2A93BBF02340240E00814529 /* RouteDirectionRowViewModel.swift */,
			);
			path = Modals;
			sourceTree = "<group>";
		};
/* End PBXGroup section */

/* Begin PBXNativeTarget section */
		2A7358A822E536D400A15318 /* GoodService */ = {
			isa = PBXNativeTarget;
			buildConfigurationList = 2A7358BD22E536D500A15318 /* Build configuration list for PBXNativeTarget "GoodService" */;
			buildPhases = (
				2A7358A522E536D400A15318 /* Sources */,
				2A7358A622E536D400A15318 /* Frameworks */,
				2A7358A722E536D400A15318 /* Resources */,
			);
			buildRules = (
			);
			dependencies = (
			);
			name = GoodService;
			productName = GoodService;
			productReference = 2A7358A922E536D400A15318 /* GoodService.app */;
			productType = "com.apple.product-type.application";
		};
/* End PBXNativeTarget section */

/* Begin PBXProject section */
		2A7358A122E536D400A15318 /* Project object */ = {
			isa = PBXProject;
			attributes = {
				LastSwiftUpdateCheck = 1100;
				LastUpgradeCheck = 1100;
				ORGANIZATIONNAME = "Chris Sanders";
				TargetAttributes = {
					2A7358A822E536D400A15318 = {
						CreatedOnToolsVersion = 11.0;
					};
				};
			};
			buildConfigurationList = 2A7358A422E536D400A15318 /* Build configuration list for PBXProject "GoodService" */;
			compatibilityVersion = "Xcode 9.3";
			developmentRegion = en;
			hasScannedForEncodings = 0;
			knownRegions = (
				en,
				Base,
			);
			mainGroup = 2A7358A022E536D400A15318;
			productRefGroup = 2A7358AA22E536D400A15318 /* Products */;
			projectDirPath = "";
			projectRoot = "";
			targets = (
				2A7358A822E536D400A15318 /* GoodService */,
			);
		};
/* End PBXProject section */

/* Begin PBXResourcesBuildPhase section */
		2A7358A722E536D400A15318 /* Resources */ = {
			isa = PBXResourcesBuildPhase;
			buildActionMask = 2147483647;
			files = (
				2A0B96EC2334A0420025A2F5 /* stats.json in Resources */,
				2A7358B922E536D500A15318 /* LaunchScreen.storyboard in Resources */,
				2A7358CF22E53A6600A15318 /* info.json in Resources */,
				2AC3DDFF22FC66AC00951011 /* route-map.json in Resources */,
				2A7358B622E536D500A15318 /* Preview Assets.xcassets in Resources */,
				2A7358B322E536D500A15318 /* Assets.xcassets in Resources */,
			);
			runOnlyForDeploymentPostprocessing = 0;
		};
/* End PBXResourcesBuildPhase section */

/* Begin PBXSourcesBuildPhase section */
		2A7358A522E536D400A15318 /* Sources */ = {
			isa = PBXSourcesBuildPhase;
			buildActionMask = 2147483647;
			files = (
				2A93BBF12340240E00814529 /* RouteDirectionRowViewModel.swift in Sources */,
				2A0B96E123349F740025A2F5 /* RouteRow.swift in Sources */,
				2A93BBC3233A73C400814529 /* GoodServiceFetcher.swift in Sources */,
				2A443787235289F700D5074C /* StatusBar.swift in Sources */,
				2A7358AD22E536D400A15318 /* AppDelegate.swift in Sources */,
				2A7358AF22E536D400A15318 /* SceneDelegate.swift in Sources */,
				2A93BBF5234026DC00814529 /* RouteDirectionRow.swift in Sources */,
				2A93BBF72343A38800814529 /* LineBoroughViewModel.swift in Sources */,
				2A0B96D823349F2A0025A2F5 /* FavoriteList.swift in Sources */,
				2A0B96F42334A0DF0025A2F5 /* RoutesInfoViewModel.swift in Sources */,
				2A0B96E223349F740025A2F5 /* LineDetail.swift in Sources */,
				2A0B96E323349F740025A2F5 /* LineList.swift in Sources */,
				2A0B96EB2334A0420025A2F5 /* TestData.swift in Sources */,
				2AE1B7A8233880EF00BFD9A8 /* Parsing.swift in Sources */,
				2A93BBC1233A719000814529 /* StatusResponse.swift in Sources */,
				2A0B96DA23349F570025A2F5 /* RouteDetailRouteMap.swift in Sources */,
				2A0B96E523349F740025A2F5 /* RouteDetail.swift in Sources */,
				2A0B96D623349F2A0025A2F5 /* SlowZoneList.swift in Sources */,
				2A44378923528CF400D5074C /* RouteHList.swift in Sources */,
				2A0B96E423349F740025A2F5 /* RouteDirectionTable.swift in Sources */,
				2A93BBCF233DB2B300814529 /* LineRowViewModel.swift in Sources */,
				2A0B96F62334A0DF0025A2F5 /* RouteStatsViewModel.swift in Sources */,
				2A0B96D723349F2A0025A2F5 /* RouteList.swift in Sources */,
				2A93BBF923443E2A00814529 /* LineRouteRowViewModel.swift in Sources */,
				2A0B96F02334A08F0025A2F5 /* ContentView.swift in Sources */,
				2A0B96E623349F740025A2F5 /* LineRow.swift in Sources */,
				2A93BBCD233DB17600814529 /* RouteRowViewModel.swift in Sources */,
				2A93BBC5233A750900814529 /* GoodServiceError.swift in Sources */,
				2A0B96D523349F2A0025A2F5 /* LineBoroughList.swift in Sources */,
				2A0B96E823349FA30025A2F5 /* Extensions.swift in Sources */,
				2AE1B7B0233921BC00BFD9A8 /* InfoResponse.swift in Sources */,
				2A0B96F52334A0DF0025A2F5 /* RouteDetailRouteMapViewModel.swift in Sources */,
				2A93BBBF2339EC9B00814529 /* RouteMapsResponse.swift in Sources */,
			);
			runOnlyForDeploymentPostprocessing = 0;
		};
/* End PBXSourcesBuildPhase section */

/* Begin PBXVariantGroup section */
		2A7358B722E536D500A15318 /* LaunchScreen.storyboard */ = {
			isa = PBXVariantGroup;
			children = (
				2A7358B822E536D500A15318 /* Base */,
			);
			name = LaunchScreen.storyboard;
			sourceTree = "<group>";
		};
/* End PBXVariantGroup section */

/* Begin XCBuildConfiguration section */
		2A7358BB22E536D500A15318 /* Debug */ = {
			isa = XCBuildConfiguration;
			buildSettings = {
				ALWAYS_SEARCH_USER_PATHS = NO;
				CLANG_ANALYZER_NONNULL = YES;
				CLANG_ANALYZER_NUMBER_OBJECT_CONVERSION = YES_AGGRESSIVE;
				CLANG_CXX_LANGUAGE_STANDARD = "gnu++14";
				CLANG_CXX_LIBRARY = "libc++";
				CLANG_ENABLE_MODULES = YES;
				CLANG_ENABLE_OBJC_ARC = YES;
				CLANG_ENABLE_OBJC_WEAK = YES;
				CLANG_WARN_BLOCK_CAPTURE_AUTORELEASING = YES;
				CLANG_WARN_BOOL_CONVERSION = YES;
				CLANG_WARN_COMMA = YES;
				CLANG_WARN_CONSTANT_CONVERSION = YES;
				CLANG_WARN_DEPRECATED_OBJC_IMPLEMENTATIONS = YES;
				CLANG_WARN_DIRECT_OBJC_ISA_USAGE = YES_ERROR;
				CLANG_WARN_DOCUMENTATION_COMMENTS = YES;
				CLANG_WARN_EMPTY_BODY = YES;
				CLANG_WARN_ENUM_CONVERSION = YES;
				CLANG_WARN_INFINITE_RECURSION = YES;
				CLANG_WARN_INT_CONVERSION = YES;
				CLANG_WARN_NON_LITERAL_NULL_CONVERSION = YES;
				CLANG_WARN_OBJC_IMPLICIT_RETAIN_SELF = YES;
				CLANG_WARN_OBJC_LITERAL_CONVERSION = YES;
				CLANG_WARN_OBJC_ROOT_CLASS = YES_ERROR;
				CLANG_WARN_RANGE_LOOP_ANALYSIS = YES;
				CLANG_WARN_STRICT_PROTOTYPES = YES;
				CLANG_WARN_SUSPICIOUS_MOVE = YES;
				CLANG_WARN_UNGUARDED_AVAILABILITY = YES_AGGRESSIVE;
				CLANG_WARN_UNREACHABLE_CODE = YES;
				CLANG_WARN__DUPLICATE_METHOD_MATCH = YES;
				COPY_PHASE_STRIP = NO;
				DEBUG_INFORMATION_FORMAT = dwarf;
				ENABLE_STRICT_OBJC_MSGSEND = YES;
				ENABLE_TESTABILITY = YES;
				GCC_C_LANGUAGE_STANDARD = gnu11;
				GCC_DYNAMIC_NO_PIC = NO;
				GCC_NO_COMMON_BLOCKS = YES;
				GCC_OPTIMIZATION_LEVEL = 0;
				GCC_PREPROCESSOR_DEFINITIONS = (
					"DEBUG=1",
					"$(inherited)",
				);
				GCC_WARN_64_TO_32_BIT_CONVERSION = YES;
				GCC_WARN_ABOUT_RETURN_TYPE = YES_ERROR;
				GCC_WARN_UNDECLARED_SELECTOR = YES;
				GCC_WARN_UNINITIALIZED_AUTOS = YES_AGGRESSIVE;
				GCC_WARN_UNUSED_FUNCTION = YES;
				GCC_WARN_UNUSED_VARIABLE = YES;
				IPHONEOS_DEPLOYMENT_TARGET = 13.0;
				MTL_ENABLE_DEBUG_INFO = INCLUDE_SOURCE;
				MTL_FAST_MATH = YES;
				ONLY_ACTIVE_ARCH = YES;
				SDKROOT = iphoneos;
				SWIFT_ACTIVE_COMPILATION_CONDITIONS = DEBUG;
				SWIFT_OPTIMIZATION_LEVEL = "-Onone";
			};
			name = Debug;
		};
		2A7358BC22E536D500A15318 /* Release */ = {
			isa = XCBuildConfiguration;
			buildSettings = {
				ALWAYS_SEARCH_USER_PATHS = NO;
				CLANG_ANALYZER_NONNULL = YES;
				CLANG_ANALYZER_NUMBER_OBJECT_CONVERSION = YES_AGGRESSIVE;
				CLANG_CXX_LANGUAGE_STANDARD = "gnu++14";
				CLANG_CXX_LIBRARY = "libc++";
				CLANG_ENABLE_MODULES = YES;
				CLANG_ENABLE_OBJC_ARC = YES;
				CLANG_ENABLE_OBJC_WEAK = YES;
				CLANG_WARN_BLOCK_CAPTURE_AUTORELEASING = YES;
				CLANG_WARN_BOOL_CONVERSION = YES;
				CLANG_WARN_COMMA = YES;
				CLANG_WARN_CONSTANT_CONVERSION = YES;
				CLANG_WARN_DEPRECATED_OBJC_IMPLEMENTATIONS = YES;
				CLANG_WARN_DIRECT_OBJC_ISA_USAGE = YES_ERROR;
				CLANG_WARN_DOCUMENTATION_COMMENTS = YES;
				CLANG_WARN_EMPTY_BODY = YES;
				CLANG_WARN_ENUM_CONVERSION = YES;
				CLANG_WARN_INFINITE_RECURSION = YES;
				CLANG_WARN_INT_CONVERSION = YES;
				CLANG_WARN_NON_LITERAL_NULL_CONVERSION = YES;
				CLANG_WARN_OBJC_IMPLICIT_RETAIN_SELF = YES;
				CLANG_WARN_OBJC_LITERAL_CONVERSION = YES;
				CLANG_WARN_OBJC_ROOT_CLASS = YES_ERROR;
				CLANG_WARN_RANGE_LOOP_ANALYSIS = YES;
				CLANG_WARN_STRICT_PROTOTYPES = YES;
				CLANG_WARN_SUSPICIOUS_MOVE = YES;
				CLANG_WARN_UNGUARDED_AVAILABILITY = YES_AGGRESSIVE;
				CLANG_WARN_UNREACHABLE_CODE = YES;
				CLANG_WARN__DUPLICATE_METHOD_MATCH = YES;
				COPY_PHASE_STRIP = NO;
				DEBUG_INFORMATION_FORMAT = "dwarf-with-dsym";
				ENABLE_NS_ASSERTIONS = NO;
				ENABLE_STRICT_OBJC_MSGSEND = YES;
				GCC_C_LANGUAGE_STANDARD = gnu11;
				GCC_NO_COMMON_BLOCKS = YES;
				GCC_WARN_64_TO_32_BIT_CONVERSION = YES;
				GCC_WARN_ABOUT_RETURN_TYPE = YES_ERROR;
				GCC_WARN_UNDECLARED_SELECTOR = YES;
				GCC_WARN_UNINITIALIZED_AUTOS = YES_AGGRESSIVE;
				GCC_WARN_UNUSED_FUNCTION = YES;
				GCC_WARN_UNUSED_VARIABLE = YES;
				IPHONEOS_DEPLOYMENT_TARGET = 13.0;
				MTL_ENABLE_DEBUG_INFO = NO;
				MTL_FAST_MATH = YES;
				SDKROOT = iphoneos;
				SWIFT_COMPILATION_MODE = wholemodule;
				SWIFT_OPTIMIZATION_LEVEL = "-O";
				VALIDATE_PRODUCT = YES;
			};
			name = Release;
		};
		2A7358BE22E536D500A15318 /* Debug */ = {
			isa = XCBuildConfiguration;
			buildSettings = {
				ASSETCATALOG_COMPILER_APPICON_NAME = AppIcon;
				CODE_SIGN_STYLE = Automatic;
				DEVELOPMENT_ASSET_PATHS = "GoodService/Preview\\ Content";
				DEVELOPMENT_TEAM = 2RQ82SNR8Q;
				ENABLE_PREVIEWS = YES;
				INFOPLIST_FILE = GoodService/Info.plist;
				LD_RUNPATH_SEARCH_PATHS = (
					"$(inherited)",
					"@executable_path/Frameworks",
				);
				PRODUCT_BUNDLE_IDENTIFIER = com.gayngler.GoodService;
				PRODUCT_NAME = "$(TARGET_NAME)";
				SWIFT_VERSION = 5.0;
				TARGETED_DEVICE_FAMILY = "1,2";
			};
			name = Debug;
		};
		2A7358BF22E536D500A15318 /* Release */ = {
			isa = XCBuildConfiguration;
			buildSettings = {
				ASSETCATALOG_COMPILER_APPICON_NAME = AppIcon;
				CODE_SIGN_STYLE = Automatic;
				DEVELOPMENT_ASSET_PATHS = "GoodService/Preview\\ Content";
				DEVELOPMENT_TEAM = 2RQ82SNR8Q;
				ENABLE_PREVIEWS = YES;
				INFOPLIST_FILE = GoodService/Info.plist;
				LD_RUNPATH_SEARCH_PATHS = (
					"$(inherited)",
					"@executable_path/Frameworks",
				);
				PRODUCT_BUNDLE_IDENTIFIER = com.gayngler.GoodService;
				PRODUCT_NAME = "$(TARGET_NAME)";
				SWIFT_VERSION = 5.0;
				TARGETED_DEVICE_FAMILY = "1,2";
			};
			name = Release;
		};
/* End XCBuildConfiguration section */

/* Begin XCConfigurationList section */
		2A7358A422E536D400A15318 /* Build configuration list for PBXProject "GoodService" */ = {
			isa = XCConfigurationList;
			buildConfigurations = (
				2A7358BB22E536D500A15318 /* Debug */,
				2A7358BC22E536D500A15318 /* Release */,
			);
			defaultConfigurationIsVisible = 0;
			defaultConfigurationName = Release;
		};
		2A7358BD22E536D500A15318 /* Build configuration list for PBXNativeTarget "GoodService" */ = {
			isa = XCConfigurationList;
			buildConfigurations = (
				2A7358BE22E536D500A15318 /* Debug */,
				2A7358BF22E536D500A15318 /* Release */,
			);
			defaultConfigurationIsVisible = 0;
			defaultConfigurationName = Release;
		};
/* End XCConfigurationList section */
	};
	rootObject = 2A7358A122E536D400A15318 /* Project object */;
}
